
Microsoft Visual Studio Solution File, Format Version 12.00
# Visual Studio Version 17
VisualStudioVersion = 17.14.36518.9 d17.14
MinimumVisualStudioVersion = 10.0.40219.1
Project("{FAE04EC0-301F-11D3-BF4B-00C04F79EFBC}") = "TimeFlow", "TimeFlow.csproj", "{349FE94C-217C-484A-A71D-0AD4E580D942}"
EndProject
Global
	GlobalSection(SolutionConfigurationPlatforms) = preSolution
		Debug|Any CPU = Debug|Any CPU
		Release|Any CPU = Release|Any CPU
	EndGlobalSection
	GlobalSection(ProjectConfigurationPlatforms) = postSolution
		{349FE94C-217C-484A-A71D-0AD4E580D942}.Debug|Any CPU.ActiveCfg = Debug|Any CPU
		{349FE94C-217C-484A-A71D-0AD4E580D942}.Debug|Any CPU.Build.0 = Debug|Any CPU
		{349FE94C-217C-484A-A71D-0AD4E580D942}.Release|Any CPU.ActiveCfg = Release|Any CPU
		{349FE94C-217C-484A-A71D-0AD4E580D942}.Release|Any CPU.Build.0 = Release|Any CPU
	EndGlobalSection
	GlobalSection(SolutionProperties) = preSolution
		HideSolutionNode = FALSE
	EndGlobalSection
	GlobalSection(ExtensibilityGlobals) = postSolution
		SolutionGuid = {82A750CA-FFA8-42B4-90C1-289AD529EEA1}
	EndGlobalSection
EndGlobal
